<Solution>
  <Folder Name="/Solution Items/">
    <File Path="TextFile1.txt" />
  </Folder>
  <Project Path="App1/App1.csproj" Id="f73c6a90-ecb2-4080-9e2b-79c2c645665d" />
  <Project Path="App2/App2.csproj" Id="23ffc8ad-d7f5-4bc0-bd46-6461778e9fbd" />
  <Project Path="CollectionFramework/CollectionFramework.csproj" Id="ce9702de-cc93-4e88-a0ee-496598ec7d92" />
  <Project Path="ConsoleAbstractProject/ConsoleAbstractProject.csproj" Id="ebd1f086-a822-42d8-b735-70f21da62ab4" />
  <Project Path="ConsoleAppArrays/ConsoleAppArrays.csproj" Id="3c0d8611-e63b-4ecd-a7b8-70a4023d65db" />
  <Project Path="ConsoleAppDelegates/ConsoleAppDelegates.csproj" Id="28a66e72-632c-43d0-b958-7b569dcd0f9a" />
  <Project Path="ConsoleAppMutltiThreading/ConsoleAppMutltiThreading.csproj" Id="3f6c06c0-5c8a-40e4-909d-ee0fa059e0ac" />
  <Project Path="Dotnet10AMConsoleApp/Dotnet10AMConsoleApp.csproj" Id="404f7ddd-4a7f-4b7d-9fb6-2d39a0bd4cae" />
  <Project Path="ErrorsInConsoleApp/ErrorsInConsoleApp.csproj" Id="9b17aaff-2eea-49c0-b132-9da77ce2c442" />
  <Project Path="FileHandling/FileHandling.csproj" Id="be7a2341-db70-483c-815f-4cd4109ceb9d" />
  <Project Path="GenericsApp/GenericsApp.csproj" Id="84b28c76-2b32-4a3f-b3cd-4601fcb6a2e7" />
  <Project Path="Inheritance/Inheritance.csproj" Id="a36e9e5b-2a78-4073-8c8f-ae8457676c70" />
  <Project Path="LoopControllStructures/LoopControllStructures.csproj" Id="bc9fdbd9-1b2e-4ac8-897e-8f1ba1ffc8bd" />
  <Project Path="Methods/Methods.csproj" Id="50108216-fc24-4200-b616-7dd43d4de7ab" />
  <Project Path="OopsConcepts/OopsConcepts.csproj" Id="3e0609b7-7e85-4d1e-9c52-433d4d3b9d04" />
  <Project Path="OopsPracitce/OopsPracitce.csproj" Id="844cfe20-4560-43b4-8964-0f928ced2290" />
  <Project Path="OperatorsConsoleApp/OperatorsConsoleApp.csproj" Id="2df1dfc3-77cf-4394-be7b-2e3a5ba6ee44" />
  <Project Path="PolymorphismConsoleApp/PolymorphismConsoleApp.csproj" Id="46569b12-d451-4015-9f1b-593df85140a4" />
  <Project Path="Properties/Properties.csproj" Id="5bb0ba0b-7513-408b-8f67-4d100784fe74" />
  <Project Path="Reflectionproject/Reflectionproject.csproj" Id="b1e03a0e-9245-4d22-8243-2278a6021776" />
  <Project Path="StaticAndNonStaticProject/StaticAndNonStaticProject.csproj" Id="55ef4016-8a6b-48a7-8609-6ff2aee3d8e1" />
</Solution>
